
Microsoft Visual Studio Solution File, Format Version 12.00
# Visual Studio Version 17
VisualStudioVersion = 17.6.33829.357
MinimumVisualStudioVersion = 10.0.40219.1
Project("{FAE04EC0-301F-11D3-BF4B-00C04F79EFBC}") = "CustomTelemetryWebApi", "CustomTelemetryWebApi\CustomTelemetryWebApi.csproj", "{56C1FBFC-C8CA-46A9-BABB-63193E599121}"
EndProject
Global
	GlobalSection(SolutionConfigurationPlatforms) = preSolution
		Debug|Any CPU = Debug|Any CPU
		Release|Any CPU = Release|Any CPU
	EndGlobalSection
	GlobalSection(ProjectConfigurationPlatforms) = postSolution
		{56C1FBFC-C8CA-46A9-BABB-63193E599121}.Debug|Any CPU.ActiveCfg = Debug|Any CPU
		{56C1FBFC-C8CA-46A9-BABB-63193E599121}.Debug|Any CPU.Build.0 = Debug|Any CPU
		{56C1FBFC-C8CA-46A9-BABB-63193E599121}.Release|Any CPU.ActiveCfg = Release|Any CPU
		{56C1FBFC-C8CA-46A9-BABB-63193E599121}.Release|Any CPU.Build.0 = Release|Any CPU
	EndGlobalSection
	GlobalSection(SolutionProperties) = preSolution
		HideSolutionNode = FALSE
	EndGlobalSection
	GlobalSection(ExtensibilityGlobals) = postSolution
		SolutionGuid = {902B44CC-F109-432F-B170-72C2D800E724}
	EndGlobalSection
EndGlobal
